
Microsoft Visual Studio Solution File, Format Version 12.00
# Visual Studio Version 17
VisualStudioVersion = 17.7.34031.279
MinimumVisualStudioVersion = 10.0.40219.1
Project("{888888A0-9F3D-457C-B088-3A5042F75D52}") = "CLIP-IQA", "CLIP-IQA.pyproj", "{C57CAA49-CF26-4ABD-B109-68CB6C902F30}"
EndProject
Global
	GlobalSection(SolutionConfigurationPlatforms) = preSolution
		Debug|Any CPU = Debug|Any CPU
		Release|Any CPU = Release|Any CPU
	EndGlobalSection
	GlobalSection(ProjectConfigurationPlatforms) = postSolution
		{C57CAA49-CF26-4ABD-B109-68CB6C902F30}.Debug|Any CPU.ActiveCfg = Debug|Any CPU
		{C57CAA49-CF26-4ABD-B109-68CB6C902F30}.Release|Any CPU.ActiveCfg = Release|Any CPU
	EndGlobalSection
	GlobalSection(SolutionProperties) = preSolution
		HideSolutionNode = FALSE
	EndGlobalSection
	GlobalSection(ExtensibilityGlobals) = postSolution
		SolutionGuid = {E774298B-B862-4588-BE09-18294C663972}
	EndGlobalSection
EndGlobal
